
Microsoft Visual Studio Solution File, Format Version 12.00
# Visual Studio Version 17
VisualStudioVersion = 17.11.35303.130
MinimumVisualStudioVersion = 10.0.40219.1
Project("{FAE04EC0-301F-11D3-BF4B-00C04F79EFBC}") = "Module2_LING", "Module2_LING\Module2_LING.csproj", "{63380D1B-A138-4FB3-B064-2A84EFB5F631}"
EndProject
Global
	GlobalSection(SolutionConfigurationPlatforms) = preSolution
		Debug|Any CPU = Debug|Any CPU
		Release|Any CPU = Release|Any CPU
	EndGlobalSection
	GlobalSection(ProjectConfigurationPlatforms) = postSolution
		{63380D1B-A138-4FB3-B064-2A84EFB5F631}.Debug|Any CPU.ActiveCfg = Debug|Any CPU
		{63380D1B-A138-4FB3-B064-2A84EFB5F631}.Debug|Any CPU.Build.0 = Debug|Any CPU
		{63380D1B-A138-4FB3-B064-2A84EFB5F631}.Release|Any CPU.ActiveCfg = Release|Any CPU
		{63380D1B-A138-4FB3-B064-2A84EFB5F631}.Release|Any CPU.Build.0 = Release|Any CPU
	EndGlobalSection
	GlobalSection(SolutionProperties) = preSolution
		HideSolutionNode = FALSE
	EndGlobalSection
	GlobalSection(ExtensibilityGlobals) = postSolution
		SolutionGuid = {773248E7-8F7B-4BCD-B7B5-55DBF3046DD0}
	EndGlobalSection
EndGlobal
